// !$*UTF8*$!
{
	archiveVersion = 1;
	classes = {
	};
	objectVersion = 48;
	objects = {

/* Begin PBXBuildFile section */
		38949CAE1F8CD41000A7FA5D /* AppDelegate.swift in Sources */ = {isa = PBXBuildFile; fileRef = 38949CAD1F8CD41000A7FA5D /* AppDelegate.swift */; };
		38949CB01F8CD41000A7FA5D /* ViewController.swift in Sources */ = {isa = PBXBuildFile; fileRef = 38949CAF1F8CD41000A7FA5D /* ViewController.swift */; };
		38949CB31F8CD41000A7FA5D /* Main.storyboard in Resources */ = {isa = PBXBuildFile; fileRef = 38949CB11F8CD41000A7FA5D /* Main.storyboard */; };
		38949CB51F8CD41000A7FA5D /* Assets.xcassets in Resources */ = {isa = PBXBuildFile; fileRef = 38949CB41F8CD41000A7FA5D /* Assets.xcassets */; };
		38949CB81F8CD41000A7FA5D /* LaunchScreen.storyboard in Resources */ = {isa = PBXBuildFile; fileRef = 38949CB61F8CD41000A7FA5D /* LaunchScreen.storyboard */; };
/* End PBXBuildFile section */

/* Begin PBXFileReference section */
		38949CAA1F8CD41000A7FA5D /* primeFinderApp.app */ = {isa = PBXFileReference; explicitFileType = wrapper.application; includeInIndex = 0; path = primeFinderApp.app; sourceTree = BUILT_PRODUCTS_DIR; };
		38949CAD1F8CD41000A7FA5D /* AppDelegate.swift */ = {isa = PBXFileReference; lastKnownFileType = sourcecode.swift; path = AppDelegate.swift; sourceTree = "<group>"; };
		38949CAF1F8CD41000A7FA5D /* ViewController.swift */ = {isa = PBXFileReference; lastKnownFileType = sourcecode.swift; path = ViewController.swift; sourceTree = "<group>"; };
		38949CB21F8CD41000A7FA5D /* Base */ = {isa = PBXFileReference; lastKnownFileType = file.storyboard; name = Base; path = Base.lproj/Main.storyboard; sourceTree = "<group>"; };
		38949CB41F8CD41000A7FA5D /* Assets.xcassets */ = {isa = PBXFileReference; lastKnownFileType = folder.assetcatalog; path = Assets.xcassets; sourceTree = "<group>"; };
		38949CB71F8CD41000A7FA5D /* Base */ = {isa = PBXFileReference; lastKnownFileType = file.storyboard; name = Base; path = Base.lproj/LaunchScreen.storyboard; sourceTree = "<group>"; };
		38949CB91F8CD41000A7FA5D /* Info.plist */ = {isa = PBXFileReference; lastKnownFileType = text.plist.xml; path = Info.plist; sourceTree = "<group>"; };
/* End PBXFileReference section */

/* Begin PBXFrameworksBuildPhase section */
		38949CA71F8CD41000A7FA5D /* Frameworks */ = {
			isa = PBXFrameworksBuildPhase;
			buildActionMask = 2147483647;
			files = (
			);
			runOnlyForDeploymentPostprocessing = 0;
		};
/* End PBXFrameworksBuildPhase section */

/* Begin PBXGroup section */
		38949CA11F8CD41000A7FA5D = {
			isa = PBXGroup;
			children = (
				38949CAC1F8CD41000A7FA5D /* primeFinderApp */,
				38949CAB1F8CD41000A7FA5D /* Products */,
			);
			sourceTree = "<group>";
		};
		38949CAB1F8CD41000A7FA5D /* Products */ = {
			isa = PBXGroup;
			children = (
				38949CAA1F8CD41000A7FA5D /* primeFinderApp.app */,
			);
			name = Products;
			sourceTree = "<group>";
		};
		38949CAC1F8CD41000A7FA5D /* primeFinderApp */ = {
			isa = PBXGroup;
			children = (
				38949CAD1F8CD41000A7FA5D /* AppDelegate.swift */,
				38949CAF1F8CD41000A7FA5D /* ViewController.swift */,
				38949CB11F8CD41000A7FA5D /* Main.storyboard */,
				38949CB41F8CD41000A7FA5D /* Assets.xcassets */,
				38949CB61F8CD41000A7FA5D /* LaunchScreen.storyboard */,
				38949CB91F8CD41000A7FA5D /* Info.plist */,
			);
			path = primeFinderApp;
			sourceTree = "<group>";
		};
/* End PBXGroup section */

/* Begin PBXNativeTarget section */
		38949CA91F8CD41000A7FA5D /* primeFinderApp */ = {
			isa = PBXNativeTarget;
			buildConfigurationList = 38949CBC1F8CD41000A7FA5D /* Build configuration list for PBXNativeTarget "primeFinderApp" */;
			buildPhases = (
				38949CA61F8CD41000A7FA5D /* Sources */,
				38949CA71F8CD41000A7FA5D /* Frameworks */,
				38949CA81F8CD41000A7FA5D /* Resources */,
			);
			buildRules = (
			);
			dependencies = (
			);
			name = primeFinderApp;
			productName = primeFinderApp;
			productReference = 38949CAA1F8CD41000A7FA5D /* primeFinderApp.app */;
			productType = "com.apple.product-type.application";
		};
/* End PBXNativeTarget section */

/* Begin PBXProject section */
		38949CA21F8CD41000A7FA5D /* Project object */ = {
			isa = PBXProject;
			attributes = {
				LastSwiftUpdateCheck = 0900;
				LastUpgradeCheck = 0900;
				ORGANIZATIONNAME = "Yasin TURKOGLU";
				TargetAttributes = {
					38949CA91F8CD41000A7FA5D = {
						CreatedOnToolsVersion = 9.0;
						ProvisioningStyle = Automatic;
					};
				};
			};
			buildConfigurationList = 38949CA51F8CD41000A7FA5D /* Build configuration list for PBXProject "primeFinderApp" */;
			compatibilityVersion = "Xcode 8.0";
			developmentRegion = en;
			hasScannedForEncodings = 0;
			knownRegions = (
				en,
				Base,
			);
			mainGroup = 38949CA11F8CD41000A7FA5D;
			productRefGroup = 38949CAB1F8CD41000A7FA5D /* Products */;
			projectDirPath = "";
			projectRoot = "";
			targets = (
				38949CA91F8CD41000A7FA5D /* primeFinderApp */,
			);
		};
/* End PBXProject section */

/* Begin PBXResourcesBuildPhase section */
		38949CA81F8CD41000A7FA5D /* Resources */ = {
			isa = PBXResourcesBuildPhase;
			buildActionMask = 2147483647;
			files = (
				38949CB81F8CD41000A7FA5D /* LaunchScreen.storyboard in Resources */,
				38949CB51F8CD41000A7FA5D /* Assets.xcassets in Resources */,
				38949CB31F8CD41000A7FA5D /* Main.storyboard in Resources */,
			);
			runOnlyForDeploymentPostprocessing = 0;
		};
/* End PBXResourcesBuildPhase section */

/* Begin PBXSourcesBuildPhase section */
		38949CA61F8CD41000A7FA5D /* Sources */ = {
			isa = PBXSourcesBuildPhase;
			buildActionMask = 2147483647;
			files = (
				38949CB01F8CD41000A7FA5D /* ViewController.swift in Sources */,
				38949CAE1F8CD41000A7FA5D /* AppDelegate.swift in Sources */,
			);
			runOnlyForDeploymentPostprocessing = 0;
		};
/* End PBXSourcesBuildPhase section */

/* Begin PBXVariantGroup section */
		38949CB11F8CD41000A7FA5D /* Main.storyboard */ = {
			isa = PBXVariantGroup;
			children = (
				38949CB21F8CD41000A7FA5D /* Base */,
			);
			name = Main.storyboard;
			sourceTree = "<group>";
		};
		38949CB61F8CD41000A7FA5D /* LaunchScreen.storyboard */ = {
			isa = PBXVariantGroup;
			children = (
				38949CB71F8CD41000A7FA5D /* Base */,
			);
			name = LaunchScreen.storyboard;
			sourceTree = "<group>";
		};
/* End PBXVariantGroup section */

/* Begin XCBuildConfiguration section */
		38949CBA1F8CD41000A7FA5D /* Debug */ = {
			isa = XCBuildConfiguration;
			buildSettings = {
				ALWAYS_SEARCH_USER_PATHS = NO;
				CLANG_ANALYZER_NONNULL = YES;
				CLANG_ANALYZER_NUMBER_OBJECT_CONVERSION = YES_AGGRESSIVE;
				CLANG_CXX_LANGUAGE_STANDARD = "gnu++14";
				CLANG_CXX_LIBRARY = "libc++";
				CLANG_ENABLE_MODULES = YES;
				CLANG_ENABLE_OBJC_ARC = YES;
				CLANG_WARN_BLOCK_CAPTURE_AUTORELEASING = YES;
				CLANG_WARN_BOOL_CONVERSION = YES;
				CLANG_WARN_COMMA = YES;
				CLANG_WARN_CONSTANT_CONVERSION = YES;
				CLANG_WARN_DIRECT_OBJC_ISA_USAGE = YES_ERROR;
				CLANG_WARN_DOCUMENTATION_COMMENTS = YES;
				CLANG_WARN_EMPTY_BODY = YES;
				CLANG_WARN_ENUM_CONVERSION = YES;
				CLANG_WARN_INFINITE_RECURSION = YES;
				CLANG_WARN_INT_CONVERSION = YES;
				CLANG_WARN_NON_LITERAL_NULL_CONVERSION = YES;
				CLANG_WARN_OBJC_LITERAL_CONVERSION = YES;
				CLANG_WARN_OBJC_ROOT_CLASS = YES_ERROR;
				CLANG_WARN_RANGE_LOOP_ANALYSIS = YES;
				CLANG_WARN_STRICT_PROTOTYPES = YES;
				CLANG_WARN_SUSPICIOUS_MOVE = YES;
				CLANG_WARN_UNGUARDED_AVAILABILITY = YES_AGGRESSIVE;
				CLANG_WARN_UNREACHABLE_CODE = YES;
				CLANG_WARN__DUPLICATE_METHOD_MATCH = YES;
				CODE_SIGN_IDENTITY = "iPhone Developer";
				COPY_PHASE_STRIP = NO;
				DEBUG_INFORMATION_FORMAT = dwarf;
				ENABLE_STRICT_OBJC_MSGSEND = YES;
				ENABLE_TESTABILITY = YES;
				GCC_C_LANGUAGE_STANDARD = gnu11;
				GCC_DYNAMIC_NO_PIC = NO;
				GCC_NO_COMMON_BLOCKS = YES;
				GCC_OPTIMIZATION_LEVEL = 0;
				GCC_PREPROCESSOR_DEFINITIONS = (
					"DEBUG=1",
					"$(inherited)",
				);
				GCC_WARN_64_TO_32_BIT_CONVERSION = YES;
				GCC_WARN_ABOUT_RETURN_TYPE = YES_ERROR;
				GCC_WARN_UNDECLARED_SELECTOR = YES;
				GCC_WARN_UNINITIALIZED_AUTOS = YES_AGGRESSIVE;
				GCC_WARN_UNUSED_FUNCTION = YES;
				GCC_WARN_UNUSED_VARIABLE = YES;
				IPHONEOS_DEPLOYMENT_TARGET = 11.0;
				MTL_ENABLE_DEBUG_INFO = YES;
				ONLY_ACTIVE_ARCH = YES;
				SDKROOT = iphoneos;
				SWIFT_ACTIVE_COMPILATION_CONDITIONS = DEBUG;
				SWIFT_OPTIMIZATION_LEVEL = "-Onone";
			};
			name = Debug;
		};
		38949CBB1F8CD41000A7FA5D /* Release */ = {
			isa = XCBuildConfiguration;
			buildSettings = {
				ALWAYS_SEARCH_USER_PATHS = NO;
				CLANG_ANALYZER_NONNULL = YES;
				CLANG_ANALYZER_NUMBER_OBJECT_CONVERSION = YES_AGGRESSIVE;
				CLANG_CXX_LANGUAGE_STANDARD = "gnu++14";
				CLANG_CXX_LIBRARY = "libc++";
				CLANG_ENABLE_MODULES = YES;
				CLANG_ENABLE_OBJC_ARC = YES;
				CLANG_WARN_BLOCK_CAPTURE_AUTORELEASING = YES;
				CLANG_WARN_BOOL_CONVERSION = YES;
				CLANG_WARN_COMMA = YES;
				CLANG_WARN_CONSTANT_CONVERSION = YES;
				CLANG_WARN_DIRECT_OBJC_ISA_USAGE = YES_ERROR;
				CLANG_WARN_DOCUMENTATION_COMMENTS = YES;
				CLANG_WARN_EMPTY_BODY = YES;
				CLANG_WARN_ENUM_CONVERSION = YES;
				CLANG_WARN_INFINITE_RECURSION = YES;
				CLANG_WARN_INT_CONVERSION = YES;
				CLANG_WARN_NON_LITERAL_NULL_CONVERSION = YES;
				CLANG_WARN_OBJC_LITERAL_CONVERSION = YES;
				CLANG_WARN_OBJC_ROOT_CLASS = YES_ERROR;
				CLANG_WARN_RANGE_LOOP_ANALYSIS = YES;
				CLANG_WARN_STRICT_PROTOTYPES = YES;
				CLANG_WARN_SUSPICIOUS_MOVE = YES;
				CLANG_WARN_UNGUARDED_AVAILABILITY = YES_AGGRESSIVE;
				CLANG_WARN_UNREACHABLE_CODE = YES;
				CLANG_WARN__DUPLICATE_METHOD_MATCH = YES;
				CODE_SIGN_IDENTITY = "iPhone Developer";
				COPY_PHASE_STRIP = NO;
				DEBUG_INFORMATION_FORMAT = "dwarf-with-dsym";
				ENABLE_NS_ASSERTIONS = NO;
				ENABLE_STRICT_OBJC_MSGSEND = YES;
				GCC_C_LANGUAGE_STANDARD = gnu11;
				GCC_NO_COMMON_BLOCKS = YES;
				GCC_WARN_64_TO_32_BIT_CONVERSION = YES;
				GCC_WARN_ABOUT_RETURN_TYPE = YES_ERROR;
				GCC_WARN_UNDECLARED_SELECTOR = YES;
				GCC_WARN_UNINITIALIZED_AUTOS = YES_AGGRESSIVE;
				GCC_WARN_UNUSED_FUNCTION = YES;
				GCC_WARN_UNUSED_VARIABLE = YES;
				IPHONEOS_DEPLOYMENT_TARGET = 11.0;
				MTL_ENABLE_DEBUG_INFO = NO;
				SDKROOT = iphoneos;
				SWIFT_OPTIMIZATION_LEVEL = "-Owholemodule";
				VALIDATE_PRODUCT = YES;
			};
			name = Release;
		};
		38949CBD1F8CD41000A7FA5D /* Debug */ = {
			isa = XCBuildConfiguration;
			buildSettings = {
				ASSETCATALOG_COMPILER_APPICON_NAME = AppIcon;
				CODE_SIGN_STYLE = Automatic;
				INFOPLIST_FILE = primeFinderApp/Info.plist;
				LD_RUNPATH_SEARCH_PATHS = "$(inherited) @executable_path/Frameworks";
				PRODUCT_BUNDLE_IDENTIFIER = com.yasinturkoglu.primeFinderApp;
				PRODUCT_NAME = "$(TARGET_NAME)";
				SWIFT_VERSION = 4.0;
				TARGETED_DEVICE_FAMILY = "1,2";
			};
			name = Debug;
		};
		38949CBE1F8CD41000A7FA5D /* Release */ = {
			isa = XCBuildConfiguration;
			buildSettings = {
				ASSETCATALOG_COMPILER_APPICON_NAME = AppIcon;
				CODE_SIGN_STYLE = Automatic;
				INFOPLIST_FILE = primeFinderApp/Info.plist;
				LD_RUNPATH_SEARCH_PATHS = "$(inherited) @executable_path/Frameworks";
				PRODUCT_BUNDLE_IDENTIFIER = com.yasinturkoglu.primeFinderApp;
				PRODUCT_NAME = "$(TARGET_NAME)";
				SWIFT_VERSION = 4.0;
				TARGETED_DEVICE_FAMILY = "1,2";
			};
			name = Release;
		};
/* End XCBuildConfiguration section */

/* Begin XCConfigurationList section */
		38949CA51F8CD41000A7FA5D /* Build configuration list for PBXProject "primeFinderApp" */ = {
			isa = XCConfigurationList;
			buildConfigurations = (
				38949CBA1F8CD41000A7FA5D /* Debug */,
				38949CBB1F8CD41000A7FA5D /* Release */,
			);
			defaultConfigurationIsVisible = 0;
			defaultConfigurationName = Release;
		};
		38949CBC1F8CD41000A7FA5D /* Build configuration list for PBXNativeTarget "primeFinderApp" */ = {
			isa = XCConfigurationList;
			buildConfigurations = (
				38949CBD1F8CD41000A7FA5D /* Debug */,
				38949CBE1F8CD41000A7FA5D /* Release */,
			);
			defaultConfigurationIsVisible = 0;
			defaultConfigurationName = Release;
		};
/* End XCConfigurationList section */
	};
	rootObject = 38949CA21F8CD41000A7FA5D /* Project object */;
}
