// !$*UTF8*$!
{
	archiveVersion = 1;
	classes = {
	};
	objectVersion = 48;
	objects = {

/* Begin PBXBuildFile section */
		3811A4BA1FB8DA46004391CC /* Taptics.swift in Sources */ = {isa = PBXBuildFile; fileRef = 3811A4B91FB8DA46004391CC /* Taptics.swift */; };
		382363491FA23AA5002B0CE3 /* PrimeEngine.swift in Sources */ = {isa = PBXBuildFile; fileRef = 382363481FA23AA5002B0CE3 /* PrimeEngine.swift */; };
		386214F71FB50C5E00C7632E /* CopyToClipBoardDialog.swift in Sources */ = {isa = PBXBuildFile; fileRef = 386214F61FB50C5E00C7632E /* CopyToClipBoardDialog.swift */; };
		38949CAE1F8CD41000A7FA5D /* AppDelegate.swift in Sources */ = {isa = PBXBuildFile; fileRef = 38949CAD1F8CD41000A7FA5D /* AppDelegate.swift */; };
		38949CB31F8CD41000A7FA5D /* Main.storyboard in Resources */ = {isa = PBXBuildFile; fileRef = 38949CB11F8CD41000A7FA5D /* Main.storyboard */; };
		38949CB51F8CD41000A7FA5D /* Assets.xcassets in Resources */ = {isa = PBXBuildFile; fileRef = 38949CB41F8CD41000A7FA5D /* Assets.xcassets */; };
		38949CB81F8CD41000A7FA5D /* LaunchScreen.storyboard in Resources */ = {isa = PBXBuildFile; fileRef = 38949CB61F8CD41000A7FA5D /* LaunchScreen.storyboard */; };
		38949CC11F8D4BBB00A7FA5D /* MainViewController.swift in Sources */ = {isa = PBXBuildFile; fileRef = 38949CC01F8D4BBB00A7FA5D /* MainViewController.swift */; };
		38949CC31F8D4C0800A7FA5D /* CalculatorViewController.swift in Sources */ = {isa = PBXBuildFile; fileRef = 38949CC21F8D4C0800A7FA5D /* CalculatorViewController.swift */; };
		38B030B51FA34BFA00CFD4AE /* ResultsViewController.swift in Sources */ = {isa = PBXBuildFile; fileRef = 38B030B41FA34BFA00CFD4AE /* ResultsViewController.swift */; };
		38B030B91FA3BEF700CFD4AE /* ResultsViewControllerCustomCell1.swift in Sources */ = {isa = PBXBuildFile; fileRef = 38B030B81FA3BEF700CFD4AE /* ResultsViewControllerCustomCell1.swift */; };
		38B030BB1FA3BF0F00CFD4AE /* ResultsViewControllerCustomCell2.swift in Sources */ = {isa = PBXBuildFile; fileRef = 38B030BA1FA3BF0F00CFD4AE /* ResultsViewControllerCustomCell2.swift */; };
		38BAE2F01FB88E8E0086DE49 /* shake.mp3 in Resources */ = {isa = PBXBuildFile; fileRef = 38BAE2EC1FB88E8D0086DE49 /* shake.mp3 */; };
		38BAE2F11FB88E8E0086DE49 /* buttonTouchUp.mp3 in Resources */ = {isa = PBXBuildFile; fileRef = 38BAE2ED1FB88E8D0086DE49 /* buttonTouchUp.mp3 */; };
		38BAE2F21FB88E8E0086DE49 /* buttonTouchDown.mp3 in Resources */ = {isa = PBXBuildFile; fileRef = 38BAE2EE1FB88E8D0086DE49 /* buttonTouchDown.mp3 */; };
		38BAE2F31FB88E8E0086DE49 /* bell.mp3 in Resources */ = {isa = PBXBuildFile; fileRef = 38BAE2EF1FB88E8D0086DE49 /* bell.mp3 */; };
		38BAE2F51FB88F050086DE49 /* SoundPlayer.swift in Sources */ = {isa = PBXBuildFile; fileRef = 38BAE2F41FB88F050086DE49 /* SoundPlayer.swift */; };
		38E04E2C1F8E2B3C00B78C3A /* Display.swift in Sources */ = {isa = PBXBuildFile; fileRef = 38E04E2B1F8E2B3C00B78C3A /* Display.swift */; };
		38E04E371F8E6F3400B78C3A /* digitparts.ttf in Resources */ = {isa = PBXBuildFile; fileRef = 38E04E361F8E6EC900B78C3A /* digitparts.ttf */; };
/* End PBXBuildFile section */

/* Begin PBXFileReference section */
		3811A4B91FB8DA46004391CC /* Taptics.swift */ = {isa = PBXFileReference; lastKnownFileType = sourcecode.swift; path = Taptics.swift; sourceTree = "<group>"; };
		382363481FA23AA5002B0CE3 /* PrimeEngine.swift */ = {isa = PBXFileReference; lastKnownFileType = sourcecode.swift; path = PrimeEngine.swift; sourceTree = "<group>"; };
		386214F61FB50C5E00C7632E /* CopyToClipBoardDialog.swift */ = {isa = PBXFileReference; lastKnownFileType = sourcecode.swift; path = CopyToClipBoardDialog.swift; sourceTree = "<group>"; };
		38949CAA1F8CD41000A7FA5D /* primeFinderApp.app */ = {isa = PBXFileReference; explicitFileType = wrapper.application; includeInIndex = 0; path = primeFinderApp.app; sourceTree = BUILT_PRODUCTS_DIR; };
		38949CAD1F8CD41000A7FA5D /* AppDelegate.swift */ = {isa = PBXFileReference; lastKnownFileType = sourcecode.swift; path = AppDelegate.swift; sourceTree = "<group>"; };
		38949CB21F8CD41000A7FA5D /* Base */ = {isa = PBXFileReference; lastKnownFileType = file.storyboard; name = Base; path = Base.lproj/Main.storyboard; sourceTree = "<group>"; };
		38949CB41F8CD41000A7FA5D /* Assets.xcassets */ = {isa = PBXFileReference; lastKnownFileType = folder.assetcatalog; path = Assets.xcassets; sourceTree = "<group>"; };
		38949CB71F8CD41000A7FA5D /* Base */ = {isa = PBXFileReference; lastKnownFileType = file.storyboard; name = Base; path = Base.lproj/LaunchScreen.storyboard; sourceTree = "<group>"; };
		38949CB91F8CD41000A7FA5D /* Info.plist */ = {isa = PBXFileReference; lastKnownFileType = text.plist.xml; path = Info.plist; sourceTree = "<group>"; };
		38949CC01F8D4BBB00A7FA5D /* MainViewController.swift */ = {isa = PBXFileReference; lastKnownFileType = sourcecode.swift; path = MainViewController.swift; sourceTree = "<group>"; };
		38949CC21F8D4C0800A7FA5D /* CalculatorViewController.swift */ = {isa = PBXFileReference; lastKnownFileType = sourcecode.swift; path = CalculatorViewController.swift; sourceTree = "<group>"; };
		38B030B41FA34BFA00CFD4AE /* ResultsViewController.swift */ = {isa = PBXFileReference; lastKnownFileType = sourcecode.swift; path = ResultsViewController.swift; sourceTree = "<group>"; };
		38B030B81FA3BEF700CFD4AE /* ResultsViewControllerCustomCell1.swift */ = {isa = PBXFileReference; lastKnownFileType = sourcecode.swift; path = ResultsViewControllerCustomCell1.swift; sourceTree = "<group>"; };
		38B030BA1FA3BF0F00CFD4AE /* ResultsViewControllerCustomCell2.swift */ = {isa = PBXFileReference; lastKnownFileType = sourcecode.swift; path = ResultsViewControllerCustomCell2.swift; sourceTree = "<group>"; };
		38BAE2EC1FB88E8D0086DE49 /* shake.mp3 */ = {isa = PBXFileReference; lastKnownFileType = audio.mp3; path = shake.mp3; sourceTree = "<group>"; };
		38BAE2ED1FB88E8D0086DE49 /* buttonTouchUp.mp3 */ = {isa = PBXFileReference; lastKnownFileType = audio.mp3; path = buttonTouchUp.mp3; sourceTree = "<group>"; };
		38BAE2EE1FB88E8D0086DE49 /* buttonTouchDown.mp3 */ = {isa = PBXFileReference; lastKnownFileType = audio.mp3; path = buttonTouchDown.mp3; sourceTree = "<group>"; };
		38BAE2EF1FB88E8D0086DE49 /* bell.mp3 */ = {isa = PBXFileReference; lastKnownFileType = audio.mp3; path = bell.mp3; sourceTree = "<group>"; };
		38BAE2F41FB88F050086DE49 /* SoundPlayer.swift */ = {isa = PBXFileReference; lastKnownFileType = sourcecode.swift; path = SoundPlayer.swift; sourceTree = "<group>"; };
		38E04E2B1F8E2B3C00B78C3A /* Display.swift */ = {isa = PBXFileReference; lastKnownFileType = sourcecode.swift; path = Display.swift; sourceTree = "<group>"; };
		38E04E361F8E6EC900B78C3A /* digitparts.ttf */ = {isa = PBXFileReference; lastKnownFileType = file; path = digitparts.ttf; sourceTree = "<group>"; };
/* End PBXFileReference section */

/* Begin PBXFrameworksBuildPhase section */
		38949CA71F8CD41000A7FA5D /* Frameworks */ = {
			isa = PBXFrameworksBuildPhase;
			buildActionMask = 2147483647;
			files = (
			);
			runOnlyForDeploymentPostprocessing = 0;
		};
/* End PBXFrameworksBuildPhase section */

/* Begin PBXGroup section */
		382363471FA23A7E002B0CE3 /* Singletons */ = {
			isa = PBXGroup;
			children = (
				382363481FA23AA5002B0CE3 /* PrimeEngine.swift */,
				38BAE2F41FB88F050086DE49 /* SoundPlayer.swift */,
				3811A4B91FB8DA46004391CC /* Taptics.swift */,
			);
			path = Singletons;
			sourceTree = "<group>";
		};
		38949CA11F8CD41000A7FA5D = {
			isa = PBXGroup;
			children = (
				38949CAC1F8CD41000A7FA5D /* primeFinderApp */,
				38949CAB1F8CD41000A7FA5D /* Products */,
			);
			sourceTree = "<group>";
		};
		38949CAB1F8CD41000A7FA5D /* Products */ = {
			isa = PBXGroup;
			children = (
				38949CAA1F8CD41000A7FA5D /* primeFinderApp.app */,
			);
			name = Products;
			sourceTree = "<group>";
		};
		38949CAC1F8CD41000A7FA5D /* primeFinderApp */ = {
			isa = PBXGroup;
			children = (
				38949CAD1F8CD41000A7FA5D /* AppDelegate.swift */,
				38BAE2EB1FB88E720086DE49 /* Sounds */,
				382363471FA23A7E002B0CE3 /* Singletons */,
				38E04E351F8E6EAE00B78C3A /* Fonts */,
				38949CBF1F8D4B7100A7FA5D /* Interfaces */,
				38949CB11F8CD41000A7FA5D /* Main.storyboard */,
				38949CB41F8CD41000A7FA5D /* Assets.xcassets */,
				38949CB61F8CD41000A7FA5D /* LaunchScreen.storyboard */,
				38949CB91F8CD41000A7FA5D /* Info.plist */,
			);
			path = primeFinderApp;
			sourceTree = "<group>";
		};
		38949CBF1F8D4B7100A7FA5D /* Interfaces */ = {
			isa = PBXGroup;
			children = (
				38949CC01F8D4BBB00A7FA5D /* MainViewController.swift */,
				38949CC21F8D4C0800A7FA5D /* CalculatorViewController.swift */,
				38E04E2B1F8E2B3C00B78C3A /* Display.swift */,
				38B030B41FA34BFA00CFD4AE /* ResultsViewController.swift */,
				38B030B81FA3BEF700CFD4AE /* ResultsViewControllerCustomCell1.swift */,
				38B030BA1FA3BF0F00CFD4AE /* ResultsViewControllerCustomCell2.swift */,
				386214F61FB50C5E00C7632E /* CopyToClipBoardDialog.swift */,
			);
			path = Interfaces;
			sourceTree = "<group>";
		};
		38BAE2EB1FB88E720086DE49 /* Sounds */ = {
			isa = PBXGroup;
			children = (
				38BAE2EF1FB88E8D0086DE49 /* bell.mp3 */,
				38BAE2EE1FB88E8D0086DE49 /* buttonTouchDown.mp3 */,
				38BAE2ED1FB88E8D0086DE49 /* buttonTouchUp.mp3 */,
				38BAE2EC1FB88E8D0086DE49 /* shake.mp3 */,
			);
			path = Sounds;
			sourceTree = "<group>";
		};
		38E04E351F8E6EAE00B78C3A /* Fonts */ = {
			isa = PBXGroup;
			children = (
				38E04E361F8E6EC900B78C3A /* digitparts.ttf */,
			);
			path = Fonts;
			sourceTree = "<group>";
		};
/* End PBXGroup section */

/* Begin PBXNativeTarget section */
		38949CA91F8CD41000A7FA5D /* primeFinderApp */ = {
			isa = PBXNativeTarget;
			buildConfigurationList = 38949CBC1F8CD41000A7FA5D /* Build configuration list for PBXNativeTarget "primeFinderApp" */;
			buildPhases = (
				38949CA61F8CD41000A7FA5D /* Sources */,
				38949CA71F8CD41000A7FA5D /* Frameworks */,
				38949CA81F8CD41000A7FA5D /* Resources */,
			);
			buildRules = (
			);
			dependencies = (
			);
			name = primeFinderApp;
			productName = primeFinderApp;
			productReference = 38949CAA1F8CD41000A7FA5D /* primeFinderApp.app */;
			productType = "com.apple.product-type.application";
		};
/* End PBXNativeTarget section */

/* Begin PBXProject section */
		38949CA21F8CD41000A7FA5D /* Project object */ = {
			isa = PBXProject;
			attributes = {
				LastSwiftUpdateCheck = 0900;
				LastUpgradeCheck = 0900;
				ORGANIZATIONNAME = "Yasin TURKOGLU";
				TargetAttributes = {
					38949CA91F8CD41000A7FA5D = {
						CreatedOnToolsVersion = 9.0;
						ProvisioningStyle = Manual;
					};
				};
			};
			buildConfigurationList = 38949CA51F8CD41000A7FA5D /* Build configuration list for PBXProject "primeFinderApp" */;
			compatibilityVersion = "Xcode 8.0";
			developmentRegion = en;
			hasScannedForEncodings = 0;
			knownRegions = (
				en,
				Base,
			);
			mainGroup = 38949CA11F8CD41000A7FA5D;
			productRefGroup = 38949CAB1F8CD41000A7FA5D /* Products */;
			projectDirPath = "";
			projectRoot = "";
			targets = (
				38949CA91F8CD41000A7FA5D /* primeFinderApp */,
			);
		};
/* End PBXProject section */

/* Begin PBXResourcesBuildPhase section */
		38949CA81F8CD41000A7FA5D /* Resources */ = {
			isa = PBXResourcesBuildPhase;
			buildActionMask = 2147483647;
			files = (
				38BAE2F21FB88E8E0086DE49 /* buttonTouchDown.mp3 in Resources */,
				38E04E371F8E6F3400B78C3A /* digitparts.ttf in Resources */,
				38949CB81F8CD41000A7FA5D /* LaunchScreen.storyboard in Resources */,
				38BAE2F01FB88E8E0086DE49 /* shake.mp3 in Resources */,
				38BAE2F11FB88E8E0086DE49 /* buttonTouchUp.mp3 in Resources */,
				38BAE2F31FB88E8E0086DE49 /* bell.mp3 in Resources */,
				38949CB51F8CD41000A7FA5D /* Assets.xcassets in Resources */,
				38949CB31F8CD41000A7FA5D /* Main.storyboard in Resources */,
			);
			runOnlyForDeploymentPostprocessing = 0;
		};
/* End PBXResourcesBuildPhase section */

/* Begin PBXSourcesBuildPhase section */
		38949CA61F8CD41000A7FA5D /* Sources */ = {
			isa = PBXSourcesBuildPhase;
			buildActionMask = 2147483647;
			files = (
				38BAE2F51FB88F050086DE49 /* SoundPlayer.swift in Sources */,
				38949CAE1F8CD41000A7FA5D /* AppDelegate.swift in Sources */,
				38949CC31F8D4C0800A7FA5D /* CalculatorViewController.swift in Sources */,
				38E04E2C1F8E2B3C00B78C3A /* Display.swift in Sources */,
				38949CC11F8D4BBB00A7FA5D /* MainViewController.swift in Sources */,
				386214F71FB50C5E00C7632E /* CopyToClipBoardDialog.swift in Sources */,
				3811A4BA1FB8DA46004391CC /* Taptics.swift in Sources */,
				382363491FA23AA5002B0CE3 /* PrimeEngine.swift in Sources */,
				38B030B51FA34BFA00CFD4AE /* ResultsViewController.swift in Sources */,
				38B030B91FA3BEF700CFD4AE /* ResultsViewControllerCustomCell1.swift in Sources */,
				38B030BB1FA3BF0F00CFD4AE /* ResultsViewControllerCustomCell2.swift in Sources */,
			);
			runOnlyForDeploymentPostprocessing = 0;
		};
/* End PBXSourcesBuildPhase section */

/* Begin PBXVariantGroup section */
		38949CB11F8CD41000A7FA5D /* Main.storyboard */ = {
			isa = PBXVariantGroup;
			children = (
				38949CB21F8CD41000A7FA5D /* Base */,
			);
			name = Main.storyboard;
			sourceTree = "<group>";
		};
		38949CB61F8CD41000A7FA5D /* LaunchScreen.storyboard */ = {
			isa = PBXVariantGroup;
			children = (
				38949CB71F8CD41000A7FA5D /* Base */,
			);
			name = LaunchScreen.storyboard;
			sourceTree = "<group>";
		};
/* End PBXVariantGroup section */

/* Begin XCBuildConfiguration section */
		38949CBA1F8CD41000A7FA5D /* Debug */ = {
			isa = XCBuildConfiguration;
			buildSettings = {
				ALWAYS_SEARCH_USER_PATHS = NO;
				CLANG_ANALYZER_NONNULL = YES;
				CLANG_ANALYZER_NUMBER_OBJECT_CONVERSION = YES_AGGRESSIVE;
				CLANG_CXX_LANGUAGE_STANDARD = "gnu++14";
				CLANG_CXX_LIBRARY = "libc++";
				CLANG_ENABLE_MODULES = YES;
				CLANG_ENABLE_OBJC_ARC = YES;
				CLANG_WARN_BLOCK_CAPTURE_AUTORELEASING = YES;
				CLANG_WARN_BOOL_CONVERSION = YES;
				CLANG_WARN_COMMA = YES;
				CLANG_WARN_CONSTANT_CONVERSION = YES;
				CLANG_WARN_DIRECT_OBJC_ISA_USAGE = YES_ERROR;
				CLANG_WARN_DOCUMENTATION_COMMENTS = YES;
				CLANG_WARN_EMPTY_BODY = YES;
				CLANG_WARN_ENUM_CONVERSION = YES;
				CLANG_WARN_INFINITE_RECURSION = YES;
				CLANG_WARN_INT_CONVERSION = YES;
				CLANG_WARN_NON_LITERAL_NULL_CONVERSION = YES;
				CLANG_WARN_OBJC_LITERAL_CONVERSION = YES;
				CLANG_WARN_OBJC_ROOT_CLASS = YES_ERROR;
				CLANG_WARN_RANGE_LOOP_ANALYSIS = YES;
				CLANG_WARN_STRICT_PROTOTYPES = YES;
				CLANG_WARN_SUSPICIOUS_MOVE = YES;
				CLANG_WARN_UNGUARDED_AVAILABILITY = YES_AGGRESSIVE;
				CLANG_WARN_UNREACHABLE_CODE = YES;
				CLANG_WARN__DUPLICATE_METHOD_MATCH = YES;
				CODE_SIGN_IDENTITY = "iPhone Developer";
				COPY_PHASE_STRIP = NO;
				DEBUG_INFORMATION_FORMAT = dwarf;
				ENABLE_STRICT_OBJC_MSGSEND = YES;
				ENABLE_TESTABILITY = YES;
				GCC_C_LANGUAGE_STANDARD = gnu11;
				GCC_DYNAMIC_NO_PIC = NO;
				GCC_NO_COMMON_BLOCKS = YES;
				GCC_OPTIMIZATION_LEVEL = 0;
				GCC_PREPROCESSOR_DEFINITIONS = (
					"DEBUG=1",
					"$(inherited)",
				);
				GCC_WARN_64_TO_32_BIT_CONVERSION = YES;
				GCC_WARN_ABOUT_RETURN_TYPE = YES_ERROR;
				GCC_WARN_UNDECLARED_SELECTOR = YES;
				GCC_WARN_UNINITIALIZED_AUTOS = YES_AGGRESSIVE;
				GCC_WARN_UNUSED_FUNCTION = YES;
				GCC_WARN_UNUSED_VARIABLE = YES;
				IPHONEOS_DEPLOYMENT_TARGET = 11.0;
				MTL_ENABLE_DEBUG_INFO = YES;
				ONLY_ACTIVE_ARCH = YES;
				SDKROOT = iphoneos;
				SWIFT_ACTIVE_COMPILATION_CONDITIONS = DEBUG;
				SWIFT_OPTIMIZATION_LEVEL = "-Onone";
			};
			name = Debug;
		};
		38949CBB1F8CD41000A7FA5D /* Release */ = {
			isa = XCBuildConfiguration;
			buildSettings = {
				ALWAYS_SEARCH_USER_PATHS = NO;
				CLANG_ANALYZER_NONNULL = YES;
				CLANG_ANALYZER_NUMBER_OBJECT_CONVERSION = YES_AGGRESSIVE;
				CLANG_CXX_LANGUAGE_STANDARD = "gnu++14";
				CLANG_CXX_LIBRARY = "libc++";
				CLANG_ENABLE_MODULES = YES;
				CLANG_ENABLE_OBJC_ARC = YES;
				CLANG_WARN_BLOCK_CAPTURE_AUTORELEASING = YES;
				CLANG_WARN_BOOL_CONVERSION = YES;
				CLANG_WARN_COMMA = YES;
				CLANG_WARN_CONSTANT_CONVERSION = YES;
				CLANG_WARN_DIRECT_OBJC_ISA_USAGE = YES_ERROR;
				CLANG_WARN_DOCUMENTATION_COMMENTS = YES;
				CLANG_WARN_EMPTY_BODY = YES;
				CLANG_WARN_ENUM_CONVERSION = YES;
				CLANG_WARN_INFINITE_RECURSION = YES;
				CLANG_WARN_INT_CONVERSION = YES;
				CLANG_WARN_NON_LITERAL_NULL_CONVERSION = YES;
				CLANG_WARN_OBJC_LITERAL_CONVERSION = YES;
				CLANG_WARN_OBJC_ROOT_CLASS = YES_ERROR;
				CLANG_WARN_RANGE_LOOP_ANALYSIS = YES;
				CLANG_WARN_STRICT_PROTOTYPES = YES;
				CLANG_WARN_SUSPICIOUS_MOVE = YES;
				CLANG_WARN_UNGUARDED_AVAILABILITY = YES_AGGRESSIVE;
				CLANG_WARN_UNREACHABLE_CODE = YES;
				CLANG_WARN__DUPLICATE_METHOD_MATCH = YES;
				CODE_SIGN_IDENTITY = "iPhone Developer";
				COPY_PHASE_STRIP = NO;
				DEBUG_INFORMATION_FORMAT = "dwarf-with-dsym";
				ENABLE_NS_ASSERTIONS = NO;
				ENABLE_STRICT_OBJC_MSGSEND = YES;
				GCC_C_LANGUAGE_STANDARD = gnu11;
				GCC_NO_COMMON_BLOCKS = YES;
				GCC_WARN_64_TO_32_BIT_CONVERSION = YES;
				GCC_WARN_ABOUT_RETURN_TYPE = YES_ERROR;
				GCC_WARN_UNDECLARED_SELECTOR = YES;
				GCC_WARN_UNINITIALIZED_AUTOS = YES_AGGRESSIVE;
				GCC_WARN_UNUSED_FUNCTION = YES;
				GCC_WARN_UNUSED_VARIABLE = YES;
				IPHONEOS_DEPLOYMENT_TARGET = 11.0;
				MTL_ENABLE_DEBUG_INFO = NO;
				SDKROOT = iphoneos;
				SWIFT_OPTIMIZATION_LEVEL = "-Owholemodule";
				VALIDATE_PRODUCT = YES;
			};
			name = Release;
		};
		38949CBD1F8CD41000A7FA5D /* Debug */ = {
			isa = XCBuildConfiguration;
			buildSettings = {
				ASSETCATALOG_COMPILER_APPICON_NAME = AppIcon;
				CODE_SIGN_STYLE = Manual;
				DEVELOPMENT_TEAM = QVB65JC65V;
				INFOPLIST_FILE = primeFinderApp/Info.plist;
				IPHONEOS_DEPLOYMENT_TARGET = 9.0;
				LD_RUNPATH_SEARCH_PATHS = "$(inherited) @executable_path/Frameworks";
				PRODUCT_BUNDLE_IDENTIFIER = com.yasinturkoglu.primeFinderApp;
				PRODUCT_NAME = "$(TARGET_NAME)";
				PROVISIONING_PROFILE = "f7c7c6c5-31ec-421f-9195-78771490039e";
				PROVISIONING_PROFILE_SPECIFIER = PrimeFinderDevelopment;
				SWIFT_VERSION = 4.0;
				TARGETED_DEVICE_FAMILY = "1,2";
			};
			name = Debug;
		};
		38949CBE1F8CD41000A7FA5D /* Release */ = {
			isa = XCBuildConfiguration;
			buildSettings = {
				ASSETCATALOG_COMPILER_APPICON_NAME = AppIcon;
				"CODE_SIGN_IDENTITY[sdk=iphoneos*]" = "iPhone Distribution";
				CODE_SIGN_STYLE = Manual;
				DEVELOPMENT_TEAM = QVB65JC65V;
				INFOPLIST_FILE = primeFinderApp/Info.plist;
				IPHONEOS_DEPLOYMENT_TARGET = 9.0;
				LD_RUNPATH_SEARCH_PATHS = "$(inherited) @executable_path/Frameworks";
				PRODUCT_BUNDLE_IDENTIFIER = com.yasinturkoglu.primeFinderApp;
				PRODUCT_NAME = "$(TARGET_NAME)";
				PROVISIONING_PROFILE = "1e5c9342-70d2-4ea9-b917-1e62a4a18a14";
				PROVISIONING_PROFILE_SPECIFIER = PrimeFinderDistribution;
				SWIFT_VERSION = 4.0;
				TARGETED_DEVICE_FAMILY = "1,2";
			};
			name = Release;
		};
/* End XCBuildConfiguration section */

/* Begin XCConfigurationList section */
		38949CA51F8CD41000A7FA5D /* Build configuration list for PBXProject "primeFinderApp" */ = {
			isa = XCConfigurationList;
			buildConfigurations = (
				38949CBA1F8CD41000A7FA5D /* Debug */,
				38949CBB1F8CD41000A7FA5D /* Release */,
			);
			defaultConfigurationIsVisible = 0;
			defaultConfigurationName = Release;
		};
		38949CBC1F8CD41000A7FA5D /* Build configuration list for PBXNativeTarget "primeFinderApp" */ = {
			isa = XCConfigurationList;
			buildConfigurations = (
				38949CBD1F8CD41000A7FA5D /* Debug */,
				38949CBE1F8CD41000A7FA5D /* Release */,
			);
			defaultConfigurationIsVisible = 0;
			defaultConfigurationName = Release;
		};
/* End XCConfigurationList section */
	};
	rootObject = 38949CA21F8CD41000A7FA5D /* Project object */;
}
